// !$*UTF8*$!
{
	archiveVersion = 1;
	classes = {
	};
	objectVersion = 46;
	objects = {

/* Begin PBXBuildFile section */
		6B2659DA1B8F007A00ABA509 /* ViewIn48HTableViewController.m in Sources */ = {isa = PBXBuildFile; fileRef = 6B2659D91B8F007A00ABA509 /* ViewIn48HTableViewController.m */; };
		6B2659DC1B8F039E00ABA509 /* BlogTableViewCell.xib in Resources */ = {isa = PBXBuildFile; fileRef = 6B2659DB1B8F039E00ABA509 /* BlogTableViewCell.xib */; };
		6B2659E01B8F1DF800ABA509 /* RecommendIn10DTableViewController.m in Sources */ = {isa = PBXBuildFile; fileRef = 6B2659DF1B8F1DF800ABA509 /* RecommendIn10DTableViewController.m */; };
		6B2659E31B8FF50500ABA509 /* NewsRecommendTableViewController.m in Sources */ = {isa = PBXBuildFile; fileRef = 6B2659E21B8FF50500ABA509 /* NewsRecommendTableViewController.m */; };
		6B2659E91B9015F200ABA509 /* NewsTableViewCell.xib in Resources */ = {isa = PBXBuildFile; fileRef = 6B2659E81B9015F200ABA509 /* NewsTableViewCell.xib */; };
		6B2659EE1B90724600ABA509 /* SearchBlogViewController.m in Sources */ = {isa = PBXBuildFile; fileRef = 6B2659ED1B90724600ABA509 /* SearchBlogViewController.m */; };
		6B2659F11B9078AE00ABA509 /* BloggerTableViewController.m in Sources */ = {isa = PBXBuildFile; fileRef = 6B2659F01B9078AE00ABA509 /* BloggerTableViewController.m */; };
		6B44B8AE1B8D504F00ED4096 /* README.md in Sources */ = {isa = PBXBuildFile; fileRef = 6B44B8AD1B8D504F00ED4096 /* README.md */; };
		6B44B8B61B8D54B300ED4096 /* AuthorModel.m in Sources */ = {isa = PBXBuildFile; fileRef = 6B44B8B51B8D54B300ED4096 /* AuthorModel.m */; };
		6B44B8B91B8D553500ED4096 /* BlogModel.m in Sources */ = {isa = PBXBuildFile; fileRef = 6B44B8B81B8D553500ED4096 /* BlogModel.m */; };
		6B44B8BC1B8D560D00ED4096 /* CommentModel.m in Sources */ = {isa = PBXBuildFile; fileRef = 6B44B8BB1B8D560D00ED4096 /* CommentModel.m */; };
		6B44B8BF1B8D56FA00ED4096 /* NewsModel.m in Sources */ = {isa = PBXBuildFile; fileRef = 6B44B8BE1B8D56FA00ED4096 /* NewsModel.m */; };
		6B44B8C21B8D581400ED4096 /* NewsContentModel.m in Sources */ = {isa = PBXBuildFile; fileRef = 6B44B8C11B8D581400ED4096 /* NewsContentModel.m */; };
		6B44B8C51B8D589300ED4096 /* BloggerModel.m in Sources */ = {isa = PBXBuildFile; fileRef = 6B44B8C41B8D589300ED4096 /* BloggerModel.m */; };
		6B44B8C91B8D5FDF00ED4096 /* ProtocolUtil.m in Sources */ = {isa = PBXBuildFile; fileRef = 6B44B8C81B8D5FDF00ED4096 /* ProtocolUtil.m */; };
		6B44B8CE1B8D9D1E00ED4096 /* BlogTableViewController.m in Sources */ = {isa = PBXBuildFile; fileRef = 6B44B8CD1B8D9D1E00ED4096 /* BlogTableViewController.m */; };
		6B44B8D31B8DA7E900ED4096 /* BlogTableViewCell.m in Sources */ = {isa = PBXBuildFile; fileRef = 6B44B8D21B8DA7E900ED4096 /* BlogTableViewCell.m */; };
		6B44B8D61B8DB3E200ED4096 /* BlogViewController.m in Sources */ = {isa = PBXBuildFile; fileRef = 6B44B8D51B8DB3E200ED4096 /* BlogViewController.m */; };
		6B44B8D91B8DBA8300ED4096 /* BlogContentModel.m in Sources */ = {isa = PBXBuildFile; fileRef = 6B44B8D81B8DBA8300ED4096 /* BlogContentModel.m */; };
		6B44B8DD1B8DBC7A00ED4096 /* AppUtil.m in Sources */ = {isa = PBXBuildFile; fileRef = 6B44B8DC1B8DBC7A00ED4096 /* AppUtil.m */; };
		6B44B8E11B8DC10B00ED4096 /* NewsTableViewController.m in Sources */ = {isa = PBXBuildFile; fileRef = 6B44B8E01B8DC10B00ED4096 /* NewsTableViewController.m */; };
		6B44B8E41B8DC84200ED4096 /* NewsTableViewCell.m in Sources */ = {isa = PBXBuildFile; fileRef = 6B44B8E31B8DC84200ED4096 /* NewsTableViewCell.m */; };
		6B44B8E71B8EAF3800ED4096 /* AppTabBarViewController.m in Sources */ = {isa = PBXBuildFile; fileRef = 6B44B8E61B8EAF3800ED4096 /* AppTabBarViewController.m */; };
		6B44B9031B8EBDFD00ED4096 /* RankingViewController.m in Sources */ = {isa = PBXBuildFile; fileRef = 6B44B9021B8EBDFD00ED4096 /* RankingViewController.m */; };
		6B44B90B1B8ED33A00ED4096 /* BloggerRecommendTableViewController.m in Sources */ = {isa = PBXBuildFile; fileRef = 6B44B9091B8ED33A00ED4096 /* BloggerRecommendTableViewController.m */; };
		6B44B9151B8ED5A500ED4096 /* BloggerTableViewCell.m in Sources */ = {isa = PBXBuildFile; fileRef = 6B44B9131B8ED5A500ED4096 /* BloggerTableViewCell.m */; };
		6B44B9161B8ED5A500ED4096 /* BloggerTableViewCell.xib in Resources */ = {isa = PBXBuildFile; fileRef = 6B44B9141B8ED5A500ED4096 /* BloggerTableViewCell.xib */; };
		6B5745D91B93FBCA009C1C54 /* NewsViewController.m in Sources */ = {isa = PBXBuildFile; fileRef = 6B5745D81B93FBCA009C1C54 /* NewsViewController.m */; };
		6B5745DD1B9441E9009C1C54 /* NSDate+Util.m in Sources */ = {isa = PBXBuildFile; fileRef = 6B5745DC1B9441E9009C1C54 /* NSDate+Util.m */; };
		6B5745E21B945214009C1C54 /* UISwipeViewController.m in Sources */ = {isa = PBXBuildFile; fileRef = 6B5745E01B945214009C1C54 /* UISwipeViewController.m */; };
		6B57461E1B946AF4009C1C54 /* LikedViewController.m in Sources */ = {isa = PBXBuildFile; fileRef = 6B57461D1B946AF4009C1C54 /* LikedViewController.m */; };
		6B5746211B954D28009C1C54 /* NSString+Html.m in Sources */ = {isa = PBXBuildFile; fileRef = 6B5746201B954D28009C1C54 /* NSString+Html.m */; };
		6B5746771B9574A9009C1C54 /* html in Resources */ = {isa = PBXBuildFile; fileRef = 6B5746741B9574A9009C1C54 /* html */; };
		6B57468D1B95E0C8009C1C54 /* CoreDataDAO.m in Sources */ = {isa = PBXBuildFile; fileRef = 6B57468C1B95E0C8009C1C54 /* CoreDataDAO.m */; };
		6B5746901B95E1E9009C1C54 /* BloggerDAO.m in Sources */ = {isa = PBXBuildFile; fileRef = 6B57468F1B95E1E9009C1C54 /* BloggerDAO.m */; };
		6B5746931B95E716009C1C54 /* LikedBloggerTableViewController.m in Sources */ = {isa = PBXBuildFile; fileRef = 6B5746921B95E716009C1C54 /* LikedBloggerTableViewController.m */; };
		6B5746971B95E992009C1C54 /* BloggerEntity.m in Sources */ = {isa = PBXBuildFile; fileRef = 6B5746961B95E992009C1C54 /* BloggerEntity.m */; };
		6B57469A1B9690D6009C1C54 /* LikedTableViewController.m in Sources */ = {isa = PBXBuildFile; fileRef = 6B5746991B9690D6009C1C54 /* LikedTableViewController.m */; };
		6B57469D1B969E48009C1C54 /* UIContentViewController.m in Sources */ = {isa = PBXBuildFile; fileRef = 6B57469C1B969E48009C1C54 /* UIContentViewController.m */; };
		6B5746A01B969F81009C1C54 /* ContentBarView.m in Sources */ = {isa = PBXBuildFile; fileRef = 6B57469F1B969F81009C1C54 /* ContentBarView.m */; };
		6B5746A21B96AED4009C1C54 /* toolbar-starred@2x.png in Resources */ = {isa = PBXBuildFile; fileRef = 6B5746A11B96AED4009C1C54 /* toolbar-starred@2x.png */; };
		6B5746A51B96C646009C1C54 /* BlogCommentTableViewController.m in Sources */ = {isa = PBXBuildFile; fileRef = 6B5746A41B96C646009C1C54 /* BlogCommentTableViewController.m */; };
		6B5746A81B96C658009C1C54 /* NewsCommentTableViewController.m in Sources */ = {isa = PBXBuildFile; fileRef = 6B5746A71B96C658009C1C54 /* NewsCommentTableViewController.m */; };
		6B5746AB1B96D7A4009C1C54 /* NewsContentEntity.m in Sources */ = {isa = PBXBuildFile; fileRef = 6B5746AA1B96D7A4009C1C54 /* NewsContentEntity.m */; };
		6B5746AE1B96D7A5009C1C54 /* AuthorEntity.m in Sources */ = {isa = PBXBuildFile; fileRef = 6B5746AD1B96D7A5009C1C54 /* AuthorEntity.m */; };
		6B5746B11B96D7A5009C1C54 /* BlogEntiry.m in Sources */ = {isa = PBXBuildFile; fileRef = 6B5746B01B96D7A5009C1C54 /* BlogEntiry.m */; };
		6B5746B41B96D7A5009C1C54 /* BlogContentEntity.m in Sources */ = {isa = PBXBuildFile; fileRef = 6B5746B31B96D7A5009C1C54 /* BlogContentEntity.m */; };
		6B5746B71B96D7A5009C1C54 /* NewsEntity.m in Sources */ = {isa = PBXBuildFile; fileRef = 6B5746B61B96D7A5009C1C54 /* NewsEntity.m */; };
		6B5746BA1B96E082009C1C54 /* BlogDAO.m in Sources */ = {isa = PBXBuildFile; fileRef = 6B5746B91B96E082009C1C54 /* BlogDAO.m */; };
		6B5746BD1B96E097009C1C54 /* NewsDAO.m in Sources */ = {isa = PBXBuildFile; fileRef = 6B5746BC1B96E097009C1C54 /* NewsDAO.m */; };
		6B5746BF1B96EACC009C1C54 /* toolbar-star@2x.png in Resources */ = {isa = PBXBuildFile; fileRef = 6B5746BE1B96EACC009C1C54 /* toolbar-star@2x.png */; };
		6B5746C21B96EDE1009C1C54 /* LikedBlogTableViewController.m in Sources */ = {isa = PBXBuildFile; fileRef = 6B5746C11B96EDE1009C1C54 /* LikedBlogTableViewController.m */; };
		6B5746C51B96FE2A009C1C54 /* LikedNewsTableViewController.m in Sources */ = {isa = PBXBuildFile; fileRef = 6B5746C41B96FE2A009C1C54 /* LikedNewsTableViewController.m */; };
		6B631A101B9BDF6C00F770A1 /* CommentTableViewCell.m in Sources */ = {isa = PBXBuildFile; fileRef = 6B631A0E1B9BDF6C00F770A1 /* CommentTableViewCell.m */; };
		6B631A111B9BDF6C00F770A1 /* CommentTableViewCell.xib in Resources */ = {isa = PBXBuildFile; fileRef = 6B631A0F1B9BDF6C00F770A1 /* CommentTableViewCell.xib */; };
		6BCE9B021B8C7C6F007AC2EC /* main.m in Sources */ = {isa = PBXBuildFile; fileRef = 6BCE9B011B8C7C6F007AC2EC /* main.m */; };
		6BCE9B051B8C7C6F007AC2EC /* AppDelegate.m in Sources */ = {isa = PBXBuildFile; fileRef = 6BCE9B041B8C7C6F007AC2EC /* AppDelegate.m */; };
		6BCE9B081B8C7C6F007AC2EC /* CNBlogs.xcdatamodeld in Sources */ = {isa = PBXBuildFile; fileRef = 6BCE9B061B8C7C6F007AC2EC /* CNBlogs.xcdatamodeld */; };
		6BCE9B0E1B8C7C6F007AC2EC /* Main.storyboard in Resources */ = {isa = PBXBuildFile; fileRef = 6BCE9B0C1B8C7C6F007AC2EC /* Main.storyboard */; };
		6BCE9B101B8C7C6F007AC2EC /* Images.xcassets in Resources */ = {isa = PBXBuildFile; fileRef = 6BCE9B0F1B8C7C6F007AC2EC /* Images.xcassets */; };
		6BCE9B1F1B8C7C6F007AC2EC /* CNBlogsTests.m in Sources */ = {isa = PBXBuildFile; fileRef = 6BCE9B1E1B8C7C6F007AC2EC /* CNBlogsTests.m */; };
		98B7023A37D86C194313D685 /* libPods-CNBlogs.a in Frameworks */ = {isa = PBXBuildFile; fileRef = C3A1F228B13C6ECDD394FD87 /* libPods-CNBlogs.a */; };
/* End PBXBuildFile section */

/* Begin PBXContainerItemProxy section */
		6BCE9B191B8C7C6F007AC2EC /* PBXContainerItemProxy */ = {
			isa = PBXContainerItemProxy;
			containerPortal = 6BCE9AF41B8C7C6F007AC2EC /* Project object */;
			proxyType = 1;
			remoteGlobalIDString = 6BCE9AFB1B8C7C6F007AC2EC;
			remoteInfo = CNBlogs;
		};
/* End PBXContainerItemProxy section */

/* Begin PBXFileReference section */
		17F1A356B32BD71D4B936523 /* Pods-CNBlogs.release.xcconfig */ = {isa = PBXFileReference; includeInIndex = 1; lastKnownFileType = text.xcconfig; name = "Pods-CNBlogs.release.xcconfig"; path = "Pods/Target Support Files/Pods-CNBlogs/Pods-CNBlogs.release.xcconfig"; sourceTree = "<group>"; };
		6B2659D81B8F007A00ABA509 /* ViewIn48HTableViewController.h */ = {isa = PBXFileReference; fileEncoding = 4; lastKnownFileType = sourcecode.c.h; path = ViewIn48HTableViewController.h; sourceTree = "<group>"; };
		6B2659D91B8F007A00ABA509 /* ViewIn48HTableViewController.m */ = {isa = PBXFileReference; fileEncoding = 4; lastKnownFileType = sourcecode.c.objc; path = ViewIn48HTableViewController.m; sourceTree = "<group>"; };
		6B2659DB1B8F039E00ABA509 /* BlogTableViewCell.xib */ = {isa = PBXFileReference; fileEncoding = 4; lastKnownFileType = file.xib; path = BlogTableViewCell.xib; sourceTree = "<group>"; };
		6B2659DE1B8F1DF800ABA509 /* RecommendIn10DTableViewController.h */ = {isa = PBXFileReference; fileEncoding = 4; lastKnownFileType = sourcecode.c.h; path = RecommendIn10DTableViewController.h; sourceTree = "<group>"; };
		6B2659DF1B8F1DF800ABA509 /* RecommendIn10DTableViewController.m */ = {isa = PBXFileReference; fileEncoding = 4; lastKnownFileType = sourcecode.c.objc; path = RecommendIn10DTableViewController.m; sourceTree = "<group>"; };
		6B2659E11B8FF50500ABA509 /* NewsRecommendTableViewController.h */ = {isa = PBXFileReference; fileEncoding = 4; lastKnownFileType = sourcecode.c.h; path = NewsRecommendTableViewController.h; sourceTree = "<group>"; };
		6B2659E21B8FF50500ABA509 /* NewsRecommendTableViewController.m */ = {isa = PBXFileReference; fileEncoding = 4; lastKnownFileType = sourcecode.c.objc; path = NewsRecommendTableViewController.m; sourceTree = "<group>"; };
		6B2659E81B9015F200ABA509 /* NewsTableViewCell.xib */ = {isa = PBXFileReference; fileEncoding = 4; lastKnownFileType = file.xib; path = NewsTableViewCell.xib; sourceTree = "<group>"; };
		6B2659EC1B90724600ABA509 /* SearchBlogViewController.h */ = {isa = PBXFileReference; fileEncoding = 4; lastKnownFileType = sourcecode.c.h; path = SearchBlogViewController.h; sourceTree = "<group>"; };
		6B2659ED1B90724600ABA509 /* SearchBlogViewController.m */ = {isa = PBXFileReference; fileEncoding = 4; lastKnownFileType = sourcecode.c.objc; path = SearchBlogViewController.m; sourceTree = "<group>"; };
		6B2659EF1B9078AE00ABA509 /* BloggerTableViewController.h */ = {isa = PBXFileReference; fileEncoding = 4; lastKnownFileType = sourcecode.c.h; path = BloggerTableViewController.h; sourceTree = "<group>"; };
		6B2659F01B9078AE00ABA509 /* BloggerTableViewController.m */ = {isa = PBXFileReference; fileEncoding = 4; lastKnownFileType = sourcecode.c.objc; path = BloggerTableViewController.m; sourceTree = "<group>"; };
		6B44B8AD1B8D504F00ED4096 /* README.md */ = {isa = PBXFileReference; fileEncoding = 4; lastKnownFileType = net.daringfireball.markdown; name = README.md; path = ../README.md; sourceTree = "<group>"; };
		6B44B8B41B8D54B300ED4096 /* AuthorModel.h */ = {isa = PBXFileReference; fileEncoding = 4; lastKnownFileType = sourcecode.c.h; name = AuthorModel.h; path = Model/AuthorModel.h; sourceTree = "<group>"; };
		6B44B8B51B8D54B300ED4096 /* AuthorModel.m */ = {isa = PBXFileReference; fileEncoding = 4; lastKnownFileType = sourcecode.c.objc; name = AuthorModel.m; path = Model/AuthorModel.m; sourceTree = "<group>"; };
		6B44B8B71B8D553500ED4096 /* BlogModel.h */ = {isa = PBXFileReference; fileEncoding = 4; lastKnownFileType = sourcecode.c.h; name = BlogModel.h; path = Model/BlogModel.h; sourceTree = "<group>"; };
		6B44B8B81B8D553500ED4096 /* BlogModel.m */ = {isa = PBXFileReference; fileEncoding = 4; lastKnownFileType = sourcecode.c.objc; name = BlogModel.m; path = Model/BlogModel.m; sourceTree = "<group>"; };
		6B44B8BA1B8D560D00ED4096 /* CommentModel.h */ = {isa = PBXFileReference; fileEncoding = 4; lastKnownFileType = sourcecode.c.h; name = CommentModel.h; path = Model/CommentModel.h; sourceTree = "<group>"; };
		6B44B8BB1B8D560D00ED4096 /* CommentModel.m */ = {isa = PBXFileReference; fileEncoding = 4; lastKnownFileType = sourcecode.c.objc; name = CommentModel.m; path = Model/CommentModel.m; sourceTree = "<group>"; };
		6B44B8BD1B8D56FA00ED4096 /* NewsModel.h */ = {isa = PBXFileReference; fileEncoding = 4; lastKnownFileType = sourcecode.c.h; name = NewsModel.h; path = Model/NewsModel.h; sourceTree = "<group>"; };
		6B44B8BE1B8D56FA00ED4096 /* NewsModel.m */ = {isa = PBXFileReference; fileEncoding = 4; lastKnownFileType = sourcecode.c.objc; name = NewsModel.m; path = Model/NewsModel.m; sourceTree = "<group>"; };
		6B44B8C01B8D581400ED4096 /* NewsContentModel.h */ = {isa = PBXFileReference; fileEncoding = 4; lastKnownFileType = sourcecode.c.h; name = NewsContentModel.h; path = Model/NewsContentModel.h; sourceTree = "<group>"; };
		6B44B8C11B8D581400ED4096 /* NewsContentModel.m */ = {isa = PBXFileReference; fileEncoding = 4; lastKnownFileType = sourcecode.c.objc; name = NewsContentModel.m; path = Model/NewsContentModel.m; sourceTree = "<group>"; };
		6B44B8C31B8D589300ED4096 /* BloggerModel.h */ = {isa = PBXFileReference; fileEncoding = 4; lastKnownFileType = sourcecode.c.h; name = BloggerModel.h; path = Model/BloggerModel.h; sourceTree = "<group>"; };
		6B44B8C41B8D589300ED4096 /* BloggerModel.m */ = {isa = PBXFileReference; fileEncoding = 4; lastKnownFileType = sourcecode.c.objc; name = BloggerModel.m; path = Model/BloggerModel.m; sourceTree = "<group>"; };
		6B44B8C71B8D5FDF00ED4096 /* ProtocolUtil.h */ = {isa = PBXFileReference; fileEncoding = 4; lastKnownFileType = sourcecode.c.h; name = ProtocolUtil.h; path = Server/ProtocolUtil.h; sourceTree = "<group>"; };
		6B44B8C81B8D5FDF00ED4096 /* ProtocolUtil.m */ = {isa = PBXFileReference; fileEncoding = 4; lastKnownFileType = sourcecode.c.objc; name = ProtocolUtil.m; path = Server/ProtocolUtil.m; sourceTree = "<group>"; };
		6B44B8CC1B8D9D1E00ED4096 /* BlogTableViewController.h */ = {isa = PBXFileReference; fileEncoding = 4; lastKnownFileType = sourcecode.c.h; path = BlogTableViewController.h; sourceTree = "<group>"; };
		6B44B8CD1B8D9D1E00ED4096 /* BlogTableViewController.m */ = {isa = PBXFileReference; fileEncoding = 4; lastKnownFileType = sourcecode.c.objc; path = BlogTableViewController.m; sourceTree = "<group>"; };
		6B44B8CF1B8D9F1A00ED4096 /* Constant.h */ = {isa = PBXFileReference; lastKnownFileType = sourcecode.c.h; path = Constant.h; sourceTree = "<group>"; };
		6B44B8D01B8D9FBF00ED4096 /* Prefix.pch */ = {isa = PBXFileReference; lastKnownFileType = sourcecode.c.h; path = Prefix.pch; sourceTree = "<group>"; };
		6B44B8D11B8DA7E900ED4096 /* BlogTableViewCell.h */ = {isa = PBXFileReference; fileEncoding = 4; lastKnownFileType = sourcecode.c.h; path = BlogTableViewCell.h; sourceTree = "<group>"; };
		6B44B8D21B8DA7E900ED4096 /* BlogTableViewCell.m */ = {isa = PBXFileReference; fileEncoding = 4; lastKnownFileType = sourcecode.c.objc; path = BlogTableViewCell.m; sourceTree = "<group>"; };
		6B44B8D41B8DB3E200ED4096 /* BlogViewController.h */ = {isa = PBXFileReference; fileEncoding = 4; lastKnownFileType = sourcecode.c.h; path = BlogViewController.h; sourceTree = "<group>"; };
		6B44B8D51B8DB3E200ED4096 /* BlogViewController.m */ = {isa = PBXFileReference; fileEncoding = 4; lastKnownFileType = sourcecode.c.objc; path = BlogViewController.m; sourceTree = "<group>"; };
		6B44B8D71B8DBA8300ED4096 /* BlogContentModel.h */ = {isa = PBXFileReference; fileEncoding = 4; lastKnownFileType = sourcecode.c.h; name = BlogContentModel.h; path = Model/BlogContentModel.h; sourceTree = "<group>"; };
		6B44B8D81B8DBA8300ED4096 /* BlogContentModel.m */ = {isa = PBXFileReference; fileEncoding = 4; lastKnownFileType = sourcecode.c.objc; name = BlogContentModel.m; path = Model/BlogContentModel.m; sourceTree = "<group>"; };
		6B44B8DB1B8DBC7A00ED4096 /* AppUtil.h */ = {isa = PBXFileReference; fileEncoding = 4; lastKnownFileType = sourcecode.c.h; path = AppUtil.h; sourceTree = "<group>"; };
		6B44B8DC1B8DBC7A00ED4096 /* AppUtil.m */ = {isa = PBXFileReference; fileEncoding = 4; lastKnownFileType = sourcecode.c.objc; path = AppUtil.m; sourceTree = "<group>"; };
		6B44B8DF1B8DC10B00ED4096 /* NewsTableViewController.h */ = {isa = PBXFileReference; fileEncoding = 4; lastKnownFileType = sourcecode.c.h; path = NewsTableViewController.h; sourceTree = "<group>"; };
		6B44B8E01B8DC10B00ED4096 /* NewsTableViewController.m */ = {isa = PBXFileReference; fileEncoding = 4; lastKnownFileType = sourcecode.c.objc; path = NewsTableViewController.m; sourceTree = "<group>"; };
		6B44B8E21B8DC84200ED4096 /* NewsTableViewCell.h */ = {isa = PBXFileReference; fileEncoding = 4; lastKnownFileType = sourcecode.c.h; path = NewsTableViewCell.h; sourceTree = "<group>"; };
		6B44B8E31B8DC84200ED4096 /* NewsTableViewCell.m */ = {isa = PBXFileReference; fileEncoding = 4; lastKnownFileType = sourcecode.c.objc; path = NewsTableViewCell.m; sourceTree = "<group>"; };
		6B44B8E51B8EAF3800ED4096 /* AppTabBarViewController.h */ = {isa = PBXFileReference; fileEncoding = 4; lastKnownFileType = sourcecode.c.h; path = AppTabBarViewController.h; sourceTree = "<group>"; };
		6B44B8E61B8EAF3800ED4096 /* AppTabBarViewController.m */ = {isa = PBXFileReference; fileEncoding = 4; lastKnownFileType = sourcecode.c.objc; path = AppTabBarViewController.m; sourceTree = "<group>"; };
		6B44B9011B8EBDFD00ED4096 /* RankingViewController.h */ = {isa = PBXFileReference; fileEncoding = 4; lastKnownFileType = sourcecode.c.h; path = RankingViewController.h; sourceTree = "<group>"; };
		6B44B9021B8EBDFD00ED4096 /* RankingViewController.m */ = {isa = PBXFileReference; fileEncoding = 4; lastKnownFileType = sourcecode.c.objc; path = RankingViewController.m; sourceTree = "<group>"; };
		6B44B9081B8ED33A00ED4096 /* BloggerRecommendTableViewController.h */ = {isa = PBXFileReference; fileEncoding = 4; lastKnownFileType = sourcecode.c.h; path = BloggerRecommendTableViewController.h; sourceTree = "<group>"; };
		6B44B9091B8ED33A00ED4096 /* BloggerRecommendTableViewController.m */ = {isa = PBXFileReference; fileEncoding = 4; lastKnownFileType = sourcecode.c.objc; path = BloggerRecommendTableViewController.m; sourceTree = "<group>"; };
		6B44B9121B8ED5A500ED4096 /* BloggerTableViewCell.h */ = {isa = PBXFileReference; fileEncoding = 4; lastKnownFileType = sourcecode.c.h; path = BloggerTableViewCell.h; sourceTree = "<group>"; };
		6B44B9131B8ED5A500ED4096 /* BloggerTableViewCell.m */ = {isa = PBXFileReference; fileEncoding = 4; lastKnownFileType = sourcecode.c.objc; path = BloggerTableViewCell.m; sourceTree = "<group>"; };
		6B44B9141B8ED5A500ED4096 /* BloggerTableViewCell.xib */ = {isa = PBXFileReference; fileEncoding = 4; lastKnownFileType = file.xib; path = BloggerTableViewCell.xib; sourceTree = "<group>"; };
		6B5745D71B93FBCA009C1C54 /* NewsViewController.h */ = {isa = PBXFileReference; fileEncoding = 4; lastKnownFileType = sourcecode.c.h; path = NewsViewController.h; sourceTree = "<group>"; };
		6B5745D81B93FBCA009C1C54 /* NewsViewController.m */ = {isa = PBXFileReference; fileEncoding = 4; lastKnownFileType = sourcecode.c.objc; path = NewsViewController.m; sourceTree = "<group>"; };
		6B5745DB1B9441E9009C1C54 /* NSDate+Util.h */ = {isa = PBXFileReference; fileEncoding = 4; lastKnownFileType = sourcecode.c.h; path = "NSDate+Util.h"; sourceTree = "<group>"; };
		6B5745DC1B9441E9009C1C54 /* NSDate+Util.m */ = {isa = PBXFileReference; fileEncoding = 4; lastKnownFileType = sourcecode.c.objc; path = "NSDate+Util.m"; sourceTree = "<group>"; };
		6B5745DF1B945214009C1C54 /* UISwipeViewController.h */ = {isa = PBXFileReference; fileEncoding = 4; lastKnownFileType = sourcecode.c.h; path = UISwipeViewController.h; sourceTree = "<group>"; };
		6B5745E01B945214009C1C54 /* UISwipeViewController.m */ = {isa = PBXFileReference; fileEncoding = 4; lastKnownFileType = sourcecode.c.objc; path = UISwipeViewController.m; sourceTree = "<group>"; };
		6B57461C1B946AF4009C1C54 /* LikedViewController.h */ = {isa = PBXFileReference; fileEncoding = 4; lastKnownFileType = sourcecode.c.h; path = LikedViewController.h; sourceTree = "<group>"; };
		6B57461D1B946AF4009C1C54 /* LikedViewController.m */ = {isa = PBXFileReference; fileEncoding = 4; lastKnownFileType = sourcecode.c.objc; path = LikedViewController.m; sourceTree = "<group>"; };
		6B57461F1B954D28009C1C54 /* NSString+Html.h */ = {isa = PBXFileReference; fileEncoding = 4; lastKnownFileType = sourcecode.c.h; path = "NSString+Html.h"; sourceTree = "<group>"; };
		6B5746201B954D28009C1C54 /* NSString+Html.m */ = {isa = PBXFileReference; fileEncoding = 4; lastKnownFileType = sourcecode.c.objc; path = "NSString+Html.m"; sourceTree = "<group>"; };
		6B5746741B9574A9009C1C54 /* html */ = {isa = PBXFileReference; lastKnownFileType = folder; path = html; sourceTree = "<group>"; };
		6B57468B1B95E0C8009C1C54 /* CoreDataDAO.h */ = {isa = PBXFileReference; fileEncoding = 4; lastKnownFileType = sourcecode.c.h; path = CoreDataDAO.h; sourceTree = "<group>"; };
		6B57468C1B95E0C8009C1C54 /* CoreDataDAO.m */ = {isa = PBXFileReference; fileEncoding = 4; lastKnownFileType = sourcecode.c.objc; path = CoreDataDAO.m; sourceTree = "<group>"; };
		6B57468E1B95E1E9009C1C54 /* BloggerDAO.h */ = {isa = PBXFileReference; fileEncoding = 4; lastKnownFileType = sourcecode.c.h; path = BloggerDAO.h; sourceTree = "<group>"; };
		6B57468F1B95E1E9009C1C54 /* BloggerDAO.m */ = {isa = PBXFileReference; fileEncoding = 4; lastKnownFileType = sourcecode.c.objc; path = BloggerDAO.m; sourceTree = "<group>"; };
		6B5746911B95E716009C1C54 /* LikedBloggerTableViewController.h */ = {isa = PBXFileReference; fileEncoding = 4; lastKnownFileType = sourcecode.c.h; path = LikedBloggerTableViewController.h; sourceTree = "<group>"; };
		6B5746921B95E716009C1C54 /* LikedBloggerTableViewController.m */ = {isa = PBXFileReference; fileEncoding = 4; lastKnownFileType = sourcecode.c.objc; path = LikedBloggerTableViewController.m; sourceTree = "<group>"; };
		6B5746951B95E992009C1C54 /* BloggerEntity.h */ = {isa = PBXFileReference; fileEncoding = 4; lastKnownFileType = sourcecode.c.h; path = BloggerEntity.h; sourceTree = "<group>"; };
		6B5746961B95E992009C1C54 /* BloggerEntity.m */ = {isa = PBXFileReference; fileEncoding = 4; lastKnownFileType = sourcecode.c.objc; path = BloggerEntity.m; sourceTree = "<group>"; };
		6B5746981B9690D6009C1C54 /* LikedTableViewController.h */ = {isa = PBXFileReference; fileEncoding = 4; lastKnownFileType = sourcecode.c.h; path = LikedTableViewController.h; sourceTree = "<group>"; };
		6B5746991B9690D6009C1C54 /* LikedTableViewController.m */ = {isa = PBXFileReference; fileEncoding = 4; lastKnownFileType = sourcecode.c.objc; path = LikedTableViewController.m; sourceTree = "<group>"; };
		6B57469B1B969E48009C1C54 /* UIContentViewController.h */ = {isa = PBXFileReference; fileEncoding = 4; lastKnownFileType = sourcecode.c.h; path = UIContentViewController.h; sourceTree = "<group>"; };
		6B57469C1B969E48009C1C54 /* UIContentViewController.m */ = {isa = PBXFileReference; fileEncoding = 4; lastKnownFileType = sourcecode.c.objc; path = UIContentViewController.m; sourceTree = "<group>"; };
		6B57469E1B969F81009C1C54 /* ContentBarView.h */ = {isa = PBXFileReference; fileEncoding = 4; lastKnownFileType = sourcecode.c.h; path = ContentBarView.h; sourceTree = "<group>"; };
		6B57469F1B969F81009C1C54 /* ContentBarView.m */ = {isa = PBXFileReference; fileEncoding = 4; lastKnownFileType = sourcecode.c.objc; path = ContentBarView.m; sourceTree = "<group>"; };
		6B5746A11B96AED4009C1C54 /* toolbar-starred@2x.png */ = {isa = PBXFileReference; lastKnownFileType = image.png; path = "toolbar-starred@2x.png"; sourceTree = "<group>"; };
		6B5746A31B96C646009C1C54 /* BlogCommentTableViewController.h */ = {isa = PBXFileReference; fileEncoding = 4; lastKnownFileType = sourcecode.c.h; path = BlogCommentTableViewController.h; sourceTree = "<group>"; };
		6B5746A41B96C646009C1C54 /* BlogCommentTableViewController.m */ = {isa = PBXFileReference; fileEncoding = 4; lastKnownFileType = sourcecode.c.objc; path = BlogCommentTableViewController.m; sourceTree = "<group>"; };
		6B5746A61B96C658009C1C54 /* NewsCommentTableViewController.h */ = {isa = PBXFileReference; fileEncoding = 4; lastKnownFileType = sourcecode.c.h; path = NewsCommentTableViewController.h; sourceTree = "<group>"; };
		6B5746A71B96C658009C1C54 /* NewsCommentTableViewController.m */ = {isa = PBXFileReference; fileEncoding = 4; lastKnownFileType = sourcecode.c.objc; path = NewsCommentTableViewController.m; sourceTree = "<group>"; };
		6B5746A91B96D7A4009C1C54 /* NewsContentEntity.h */ = {isa = PBXFileReference; fileEncoding = 4; lastKnownFileType = sourcecode.c.h; path = NewsContentEntity.h; sourceTree = "<group>"; };
		6B5746AA1B96D7A4009C1C54 /* NewsContentEntity.m */ = {isa = PBXFileReference; fileEncoding = 4; lastKnownFileType = sourcecode.c.objc; path = NewsContentEntity.m; sourceTree = "<group>"; };
		6B5746AC1B96D7A5009C1C54 /* AuthorEntity.h */ = {isa = PBXFileReference; fileEncoding = 4; lastKnownFileType = sourcecode.c.h; path = AuthorEntity.h; sourceTree = "<group>"; };
		6B5746AD1B96D7A5009C1C54 /* AuthorEntity.m */ = {isa = PBXFileReference; fileEncoding = 4; lastKnownFileType = sourcecode.c.objc; path = AuthorEntity.m; sourceTree = "<group>"; };
		6B5746AF1B96D7A5009C1C54 /* BlogEntiry.h */ = {isa = PBXFileReference; fileEncoding = 4; lastKnownFileType = sourcecode.c.h; path = BlogEntiry.h; sourceTree = "<group>"; };
		6B5746B01B96D7A5009C1C54 /* BlogEntiry.m */ = {isa = PBXFileReference; fileEncoding = 4; lastKnownFileType = sourcecode.c.objc; path = BlogEntiry.m; sourceTree = "<group>"; };
		6B5746B21B96D7A5009C1C54 /* BlogContentEntity.h */ = {isa = PBXFileReference; fileEncoding = 4; lastKnownFileType = sourcecode.c.h; path = BlogContentEntity.h; sourceTree = "<group>"; };
		6B5746B31B96D7A5009C1C54 /* BlogContentEntity.m */ = {isa = PBXFileReference; fileEncoding = 4; lastKnownFileType = sourcecode.c.objc; path = BlogContentEntity.m; sourceTree = "<group>"; };
		6B5746B51B96D7A5009C1C54 /* NewsEntity.h */ = {isa = PBXFileReference; fileEncoding = 4; lastKnownFileType = sourcecode.c.h; path = NewsEntity.h; sourceTree = "<group>"; };
		6B5746B61B96D7A5009C1C54 /* NewsEntity.m */ = {isa = PBXFileReference; fileEncoding = 4; lastKnownFileType = sourcecode.c.objc; path = NewsEntity.m; sourceTree = "<group>"; };
		6B5746B81B96E082009C1C54 /* BlogDAO.h */ = {isa = PBXFileReference; fileEncoding = 4; lastKnownFileType = sourcecode.c.h; path = BlogDAO.h; sourceTree = "<group>"; };
		6B5746B91B96E082009C1C54 /* BlogDAO.m */ = {isa = PBXFileReference; fileEncoding = 4; lastKnownFileType = sourcecode.c.objc; path = BlogDAO.m; sourceTree = "<group>"; };
		6B5746BB1B96E097009C1C54 /* NewsDAO.h */ = {isa = PBXFileReference; fileEncoding = 4; lastKnownFileType = sourcecode.c.h; path = NewsDAO.h; sourceTree = "<group>"; };
		6B5746BC1B96E097009C1C54 /* NewsDAO.m */ = {isa = PBXFileReference; fileEncoding = 4; lastKnownFileType = sourcecode.c.objc; path = NewsDAO.m; sourceTree = "<group>"; };
		6B5746BE1B96EACC009C1C54 /* toolbar-star@2x.png */ = {isa = PBXFileReference; lastKnownFileType = image.png; path = "toolbar-star@2x.png"; sourceTree = "<group>"; };
		6B5746C01B96EDE1009C1C54 /* LikedBlogTableViewController.h */ = {isa = PBXFileReference; fileEncoding = 4; lastKnownFileType = sourcecode.c.h; path = LikedBlogTableViewController.h; sourceTree = "<group>"; };
		6B5746C11B96EDE1009C1C54 /* LikedBlogTableViewController.m */ = {isa = PBXFileReference; fileEncoding = 4; lastKnownFileType = sourcecode.c.objc; path = LikedBlogTableViewController.m; sourceTree = "<group>"; };
		6B5746C31B96FE2A009C1C54 /* LikedNewsTableViewController.h */ = {isa = PBXFileReference; fileEncoding = 4; lastKnownFileType = sourcecode.c.h; path = LikedNewsTableViewController.h; sourceTree = "<group>"; };
		6B5746C41B96FE2A009C1C54 /* LikedNewsTableViewController.m */ = {isa = PBXFileReference; fileEncoding = 4; lastKnownFileType = sourcecode.c.objc; path = LikedNewsTableViewController.m; sourceTree = "<group>"; };
		6B631A0D1B9BDF6C00F770A1 /* CommentTableViewCell.h */ = {isa = PBXFileReference; fileEncoding = 4; lastKnownFileType = sourcecode.c.h; path = CommentTableViewCell.h; sourceTree = "<group>"; };
		6B631A0E1B9BDF6C00F770A1 /* CommentTableViewCell.m */ = {isa = PBXFileReference; fileEncoding = 4; lastKnownFileType = sourcecode.c.objc; path = CommentTableViewCell.m; sourceTree = "<group>"; };
		6B631A0F1B9BDF6C00F770A1 /* CommentTableViewCell.xib */ = {isa = PBXFileReference; fileEncoding = 4; lastKnownFileType = file.xib; path = CommentTableViewCell.xib; sourceTree = "<group>"; };
		6BCE9AFC1B8C7C6F007AC2EC /* CNBlogs.app */ = {isa = PBXFileReference; explicitFileType = wrapper.application; includeInIndex = 0; path = CNBlogs.app; sourceTree = BUILT_PRODUCTS_DIR; };
		6BCE9B001B8C7C6F007AC2EC /* Info.plist */ = {isa = PBXFileReference; lastKnownFileType = text.plist.xml; path = Info.plist; sourceTree = "<group>"; };
		6BCE9B011B8C7C6F007AC2EC /* main.m */ = {isa = PBXFileReference; lastKnownFileType = sourcecode.c.objc; path = main.m; sourceTree = "<group>"; };
		6BCE9B031B8C7C6F007AC2EC /* AppDelegate.h */ = {isa = PBXFileReference; lastKnownFileType = sourcecode.c.h; path = AppDelegate.h; sourceTree = "<group>"; };
		6BCE9B041B8C7C6F007AC2EC /* AppDelegate.m */ = {isa = PBXFileReference; lastKnownFileType = sourcecode.c.objc; path = AppDelegate.m; sourceTree = "<group>"; };
		6BCE9B071B8C7C6F007AC2EC /* CNBlogs.xcdatamodel */ = {isa = PBXFileReference; lastKnownFileType = wrapper.xcdatamodel; path = CNBlogs.xcdatamodel; sourceTree = "<group>"; };
		6BCE9B0D1B8C7C6F007AC2EC /* Base */ = {isa = PBXFileReference; lastKnownFileType = file.storyboard; name = Base; path = Base.lproj/Main.storyboard; sourceTree = "<group>"; };
		6BCE9B0F1B8C7C6F007AC2EC /* Images.xcassets */ = {isa = PBXFileReference; lastKnownFileType = folder.assetcatalog; path = Images.xcassets; sourceTree = "<group>"; };
		6BCE9B181B8C7C6F007AC2EC /* CNBlogsTests.xctest */ = {isa = PBXFileReference; explicitFileType = wrapper.cfbundle; includeInIndex = 0; path = CNBlogsTests.xctest; sourceTree = BUILT_PRODUCTS_DIR; };
		6BCE9B1D1B8C7C6F007AC2EC /* Info.plist */ = {isa = PBXFileReference; lastKnownFileType = text.plist.xml; path = Info.plist; sourceTree = "<group>"; };
		6BCE9B1E1B8C7C6F007AC2EC /* CNBlogsTests.m */ = {isa = PBXFileReference; lastKnownFileType = sourcecode.c.objc; path = CNBlogsTests.m; sourceTree = "<group>"; };
		89933BEB10E0A51440FCDE73 /* Pods-CNBlogs.debug.xcconfig */ = {isa = PBXFileReference; includeInIndex = 1; lastKnownFileType = text.xcconfig; name = "Pods-CNBlogs.debug.xcconfig"; path = "Pods/Target Support Files/Pods-CNBlogs/Pods-CNBlogs.debug.xcconfig"; sourceTree = "<group>"; };
		C3A1F228B13C6ECDD394FD87 /* libPods-CNBlogs.a */ = {isa = PBXFileReference; explicitFileType = archive.ar; includeInIndex = 0; path = "libPods-CNBlogs.a"; sourceTree = BUILT_PRODUCTS_DIR; };
/* End PBXFileReference section */

/* Begin PBXFrameworksBuildPhase section */
		6BCE9AF91B8C7C6F007AC2EC /* Frameworks */ = {
			isa = PBXFrameworksBuildPhase;
			buildActionMask = 2147483647;
			files = (
				98B7023A37D86C194313D685 /* libPods-CNBlogs.a in Frameworks */,
			);
			runOnlyForDeploymentPostprocessing = 0;
		};
		6BCE9B151B8C7C6F007AC2EC /* Frameworks */ = {
			isa = PBXFrameworksBuildPhase;
			buildActionMask = 2147483647;
			files = (
			);
			runOnlyForDeploymentPostprocessing = 0;
		};
/* End PBXFrameworksBuildPhase section */

/* Begin PBXGroup section */
		4176EC78D7419EC23B83AA5C /* Pods */ = {
			isa = PBXGroup;
			children = (
				89933BEB10E0A51440FCDE73 /* Pods-CNBlogs.debug.xcconfig */,
				17F1A356B32BD71D4B936523 /* Pods-CNBlogs.release.xcconfig */,
			);
			name = Pods;
			sourceTree = "<group>";
		};
		6B44B8AF1B8D52FA00ED4096 /* PersistenceLayer */ = {
			isa = PBXGroup;
			children = (
				6B57468A1B95E003009C1C54 /* DAO */,
				6B5746941B95E961009C1C54 /* Entity */,
				6B44B8C61B8D5F7300ED4096 /* Server */,
				6B44B8B31B8D538100ED4096 /* Model */,
			);
			name = PersistenceLayer;
			sourceTree = "<group>";
		};
		6B44B8B01B8D531000ED4096 /* PresentationLayer */ = {
			isa = PBXGroup;
			children = (
				6BCE9B0C1B8C7C6F007AC2EC /* Main.storyboard */,
				6B44B8CB1B8D9CD400ED4096 /* App */,
				6B44B8CA1B8D9CB800ED4096 /* Blog */,
				6B44B8DE1B8DC0E800ED4096 /* News */,
				6B44B9001B8EBD7E00ED4096 /* Ranking */,
				6B57461B1B946ACC009C1C54 /* Liked */,
			);
			name = PresentationLayer;
			sourceTree = "<group>";
		};
		6B44B8B11B8D532A00ED4096 /* BusinessLogicLayer */ = {
			isa = PBXGroup;
			children = (
			);
			name = BusinessLogicLayer;
			sourceTree = "<group>";
		};
		6B44B8B31B8D538100ED4096 /* Model */ = {
			isa = PBXGroup;
			children = (
				6B44B8B41B8D54B300ED4096 /* AuthorModel.h */,
				6B44B8B51B8D54B300ED4096 /* AuthorModel.m */,
				6B44B8BA1B8D560D00ED4096 /* CommentModel.h */,
				6B44B8BB1B8D560D00ED4096 /* CommentModel.m */,
				6B44B8B71B8D553500ED4096 /* BlogModel.h */,
				6B44B8B81B8D553500ED4096 /* BlogModel.m */,
				6B44B8D71B8DBA8300ED4096 /* BlogContentModel.h */,
				6B44B8D81B8DBA8300ED4096 /* BlogContentModel.m */,
				6B44B8C31B8D589300ED4096 /* BloggerModel.h */,
				6B44B8C41B8D589300ED4096 /* BloggerModel.m */,
				6B44B8BD1B8D56FA00ED4096 /* NewsModel.h */,
				6B44B8BE1B8D56FA00ED4096 /* NewsModel.m */,
				6B44B8C01B8D581400ED4096 /* NewsContentModel.h */,
				6B44B8C11B8D581400ED4096 /* NewsContentModel.m */,
			);
			name = Model;
			sourceTree = "<group>";
		};
		6B44B8C61B8D5F7300ED4096 /* Server */ = {
			isa = PBXGroup;
			children = (
				6B44B8C71B8D5FDF00ED4096 /* ProtocolUtil.h */,
				6B44B8C81B8D5FDF00ED4096 /* ProtocolUtil.m */,
			);
			name = Server;
			sourceTree = "<group>";
		};
		6B44B8CA1B8D9CB800ED4096 /* Blog */ = {
			isa = PBXGroup;
			children = (
				6B44B8CC1B8D9D1E00ED4096 /* BlogTableViewController.h */,
				6B44B8CD1B8D9D1E00ED4096 /* BlogTableViewController.m */,
				6B2659EC1B90724600ABA509 /* SearchBlogViewController.h */,
				6B2659ED1B90724600ABA509 /* SearchBlogViewController.m */,
			);
			name = Blog;
			sourceTree = "<group>";
		};
		6B44B8CB1B8D9CD400ED4096 /* App */ = {
			isa = PBXGroup;
			children = (
				6B44B8E51B8EAF3800ED4096 /* AppTabBarViewController.h */,
				6B44B8E61B8EAF3800ED4096 /* AppTabBarViewController.m */,
				6B5745DF1B945214009C1C54 /* UISwipeViewController.h */,
				6B5745E01B945214009C1C54 /* UISwipeViewController.m */,
				6B57469B1B969E48009C1C54 /* UIContentViewController.h */,
				6B57469C1B969E48009C1C54 /* UIContentViewController.m */,
				6B57469E1B969F81009C1C54 /* ContentBarView.h */,
				6B57469F1B969F81009C1C54 /* ContentBarView.m */,
				6B44B8D11B8DA7E900ED4096 /* BlogTableViewCell.h */,
				6B44B8D21B8DA7E900ED4096 /* BlogTableViewCell.m */,
				6B2659DB1B8F039E00ABA509 /* BlogTableViewCell.xib */,
				6B44B9121B8ED5A500ED4096 /* BloggerTableViewCell.h */,
				6B44B9131B8ED5A500ED4096 /* BloggerTableViewCell.m */,
				6B44B9141B8ED5A500ED4096 /* BloggerTableViewCell.xib */,
				6B44B8E21B8DC84200ED4096 /* NewsTableViewCell.h */,
				6B44B8E31B8DC84200ED4096 /* NewsTableViewCell.m */,
				6B2659E81B9015F200ABA509 /* NewsTableViewCell.xib */,
				6B631A0D1B9BDF6C00F770A1 /* CommentTableViewCell.h */,
				6B631A0E1B9BDF6C00F770A1 /* CommentTableViewCell.m */,
				6B631A0F1B9BDF6C00F770A1 /* CommentTableViewCell.xib */,
				6B44B8D41B8DB3E200ED4096 /* BlogViewController.h */,
				6B44B8D51B8DB3E200ED4096 /* BlogViewController.m */,
				6B5746A31B96C646009C1C54 /* BlogCommentTableViewController.h */,
				6B5746A41B96C646009C1C54 /* BlogCommentTableViewController.m */,
				6B5745D71B93FBCA009C1C54 /* NewsViewController.h */,
				6B5745D81B93FBCA009C1C54 /* NewsViewController.m */,
				6B5746A61B96C658009C1C54 /* NewsCommentTableViewController.h */,
				6B5746A71B96C658009C1C54 /* NewsCommentTableViewController.m */,
				6B2659EF1B9078AE00ABA509 /* BloggerTableViewController.h */,
				6B2659F01B9078AE00ABA509 /* BloggerTableViewController.m */,
			);
			name = App;
			sourceTree = "<group>";
		};
		6B44B8DA1B8DBC5200ED4096 /* Conponent */ = {
			isa = PBXGroup;
			children = (
				6B44B8CF1B8D9F1A00ED4096 /* Constant.h */,
				6B44B8DB1B8DBC7A00ED4096 /* AppUtil.h */,
				6B44B8DC1B8DBC7A00ED4096 /* AppUtil.m */,
				6B5745DB1B9441E9009C1C54 /* NSDate+Util.h */,
				6B5745DC1B9441E9009C1C54 /* NSDate+Util.m */,
				6B57461F1B954D28009C1C54 /* NSString+Html.h */,
				6B5746201B954D28009C1C54 /* NSString+Html.m */,
			);
			name = Conponent;
			sourceTree = "<group>";
		};
		6B44B8DE1B8DC0E800ED4096 /* News */ = {
			isa = PBXGroup;
			children = (
				6B44B8DF1B8DC10B00ED4096 /* NewsTableViewController.h */,
				6B44B8E01B8DC10B00ED4096 /* NewsTableViewController.m */,
			);
			name = News;
			sourceTree = "<group>";
		};
		6B44B9001B8EBD7E00ED4096 /* Ranking */ = {
			isa = PBXGroup;
			children = (
				6B44B9011B8EBDFD00ED4096 /* RankingViewController.h */,
				6B44B9021B8EBDFD00ED4096 /* RankingViewController.m */,
				6B44B9081B8ED33A00ED4096 /* BloggerRecommendTableViewController.h */,
				6B44B9091B8ED33A00ED4096 /* BloggerRecommendTableViewController.m */,
				6B2659D81B8F007A00ABA509 /* ViewIn48HTableViewController.h */,
				6B2659D91B8F007A00ABA509 /* ViewIn48HTableViewController.m */,
				6B2659DE1B8F1DF800ABA509 /* RecommendIn10DTableViewController.h */,
				6B2659DF1B8F1DF800ABA509 /* RecommendIn10DTableViewController.m */,
				6B2659E11B8FF50500ABA509 /* NewsRecommendTableViewController.h */,
				6B2659E21B8FF50500ABA509 /* NewsRecommendTableViewController.m */,
			);
			name = Ranking;
			sourceTree = "<group>";
		};
		6B57461B1B946ACC009C1C54 /* Liked */ = {
			isa = PBXGroup;
			children = (
				6B57461C1B946AF4009C1C54 /* LikedViewController.h */,
				6B57461D1B946AF4009C1C54 /* LikedViewController.m */,
				6B5746981B9690D6009C1C54 /* LikedTableViewController.h */,
				6B5746991B9690D6009C1C54 /* LikedTableViewController.m */,
				6B5746911B95E716009C1C54 /* LikedBloggerTableViewController.h */,
				6B5746921B95E716009C1C54 /* LikedBloggerTableViewController.m */,
				6B5746C01B96EDE1009C1C54 /* LikedBlogTableViewController.h */,
				6B5746C11B96EDE1009C1C54 /* LikedBlogTableViewController.m */,
				6B5746C31B96FE2A009C1C54 /* LikedNewsTableViewController.h */,
				6B5746C41B96FE2A009C1C54 /* LikedNewsTableViewController.m */,
			);
			name = Liked;
			sourceTree = "<group>";
		};
		6B5746221B954F8C009C1C54 /* Resource */ = {
			isa = PBXGroup;
			children = (
				6B5746741B9574A9009C1C54 /* html */,
			);
			path = Resource;
			sourceTree = "<group>";
		};
		6B57468A1B95E003009C1C54 /* DAO */ = {
			isa = PBXGroup;
			children = (
				6B57468B1B95E0C8009C1C54 /* CoreDataDAO.h */,
				6B57468C1B95E0C8009C1C54 /* CoreDataDAO.m */,
				6B57468E1B95E1E9009C1C54 /* BloggerDAO.h */,
				6B57468F1B95E1E9009C1C54 /* BloggerDAO.m */,
				6B5746B81B96E082009C1C54 /* BlogDAO.h */,
				6B5746B91B96E082009C1C54 /* BlogDAO.m */,
				6B5746BB1B96E097009C1C54 /* NewsDAO.h */,
				6B5746BC1B96E097009C1C54 /* NewsDAO.m */,
			);
			path = DAO;
			sourceTree = "<group>";
		};
		6B5746941B95E961009C1C54 /* Entity */ = {
			isa = PBXGroup;
			children = (
				6B5746B51B96D7A5009C1C54 /* NewsEntity.h */,
				6B5746B61B96D7A5009C1C54 /* NewsEntity.m */,
				6B5746B21B96D7A5009C1C54 /* BlogContentEntity.h */,
				6B5746B31B96D7A5009C1C54 /* BlogContentEntity.m */,
				6B5746AF1B96D7A5009C1C54 /* BlogEntiry.h */,
				6B5746B01B96D7A5009C1C54 /* BlogEntiry.m */,
				6B5746AC1B96D7A5009C1C54 /* AuthorEntity.h */,
				6B5746AD1B96D7A5009C1C54 /* AuthorEntity.m */,
				6B5746A91B96D7A4009C1C54 /* NewsContentEntity.h */,
				6B5746AA1B96D7A4009C1C54 /* NewsContentEntity.m */,
				6B5746951B95E992009C1C54 /* BloggerEntity.h */,
				6B5746961B95E992009C1C54 /* BloggerEntity.m */,
			);
			path = Entity;
			sourceTree = "<group>";
		};
		6BCE9AF31B8C7C6F007AC2EC = {
			isa = PBXGroup;
			children = (
				6B44B8AD1B8D504F00ED4096 /* README.md */,
				6B5746A11B96AED4009C1C54 /* toolbar-starred@2x.png */,
				6B5746BE1B96EACC009C1C54 /* toolbar-star@2x.png */,
				6BCE9AFE1B8C7C6F007AC2EC /* CNBlogs */,
				6B5746221B954F8C009C1C54 /* Resource */,
				6BCE9B1B1B8C7C6F007AC2EC /* CNBlogsTests */,
				6BCE9AFD1B8C7C6F007AC2EC /* Products */,
				4176EC78D7419EC23B83AA5C /* Pods */,
				748BFBA87E28ED6B6A582135 /* Frameworks */,
			);
			sourceTree = "<group>";
		};
		6BCE9AFD1B8C7C6F007AC2EC /* Products */ = {
			isa = PBXGroup;
			children = (
				6BCE9AFC1B8C7C6F007AC2EC /* CNBlogs.app */,
				6BCE9B181B8C7C6F007AC2EC /* CNBlogsTests.xctest */,
			);
			name = Products;
			sourceTree = "<group>";
		};
		6BCE9AFE1B8C7C6F007AC2EC /* CNBlogs */ = {
			isa = PBXGroup;
			children = (
				6BCE9B031B8C7C6F007AC2EC /* AppDelegate.h */,
				6BCE9B041B8C7C6F007AC2EC /* AppDelegate.m */,
				6B44B8DA1B8DBC5200ED4096 /* Conponent */,
				6B44B8B11B8D532A00ED4096 /* BusinessLogicLayer */,
				6B44B8B01B8D531000ED4096 /* PresentationLayer */,
				6B44B8AF1B8D52FA00ED4096 /* PersistenceLayer */,
				6BCE9B0F1B8C7C6F007AC2EC /* Images.xcassets */,
				6BCE9B061B8C7C6F007AC2EC /* CNBlogs.xcdatamodeld */,
				6BCE9AFF1B8C7C6F007AC2EC /* Supporting Files */,
			);
			path = CNBlogs;
			sourceTree = "<group>";
		};
		6BCE9AFF1B8C7C6F007AC2EC /* Supporting Files */ = {
			isa = PBXGroup;
			children = (
				6BCE9B001B8C7C6F007AC2EC /* Info.plist */,
				6BCE9B011B8C7C6F007AC2EC /* main.m */,
				6B44B8D01B8D9FBF00ED4096 /* Prefix.pch */,
			);
			name = "Supporting Files";
			sourceTree = "<group>";
		};
		6BCE9B1B1B8C7C6F007AC2EC /* CNBlogsTests */ = {
			isa = PBXGroup;
			children = (
				6BCE9B1E1B8C7C6F007AC2EC /* CNBlogsTests.m */,
				6BCE9B1C1B8C7C6F007AC2EC /* Supporting Files */,
			);
			path = CNBlogsTests;
			sourceTree = "<group>";
		};
		6BCE9B1C1B8C7C6F007AC2EC /* Supporting Files */ = {
			isa = PBXGroup;
			children = (
				6BCE9B1D1B8C7C6F007AC2EC /* Info.plist */,
			);
			name = "Supporting Files";
			sourceTree = "<group>";
		};
		748BFBA87E28ED6B6A582135 /* Frameworks */ = {
			isa = PBXGroup;
			children = (
				C3A1F228B13C6ECDD394FD87 /* libPods-CNBlogs.a */,
			);
			name = Frameworks;
			sourceTree = "<group>";
		};
/* End PBXGroup section */

/* Begin PBXNativeTarget section */
		6BCE9AFB1B8C7C6F007AC2EC /* CNBlogs */ = {
			isa = PBXNativeTarget;
			buildConfigurationList = 6BCE9B221B8C7C6F007AC2EC /* Build configuration list for PBXNativeTarget "CNBlogs" */;
			buildPhases = (
				04402B60D1A6AB07EE019ABC /* Check Pods Manifest.lock */,
				6BCE9AF81B8C7C6F007AC2EC /* Sources */,
				6BCE9AF91B8C7C6F007AC2EC /* Frameworks */,
				6BCE9AFA1B8C7C6F007AC2EC /* Resources */,
				3595773DF2D590A3D69B6DFC /* Copy Pods Resources */,
			);
			buildRules = (
			);
			dependencies = (
			);
			name = CNBlogs;
			productName = CNBlogs;
			productReference = 6BCE9AFC1B8C7C6F007AC2EC /* CNBlogs.app */;
			productType = "com.apple.product-type.application";
		};
		6BCE9B171B8C7C6F007AC2EC /* CNBlogsTests */ = {
			isa = PBXNativeTarget;
			buildConfigurationList = 6BCE9B251B8C7C6F007AC2EC /* Build configuration list for PBXNativeTarget "CNBlogsTests" */;
			buildPhases = (
				6BCE9B141B8C7C6F007AC2EC /* Sources */,
				6BCE9B151B8C7C6F007AC2EC /* Frameworks */,
				6BCE9B161B8C7C6F007AC2EC /* Resources */,
			);
			buildRules = (
			);
			dependencies = (
				6BCE9B1A1B8C7C6F007AC2EC /* PBXTargetDependency */,
			);
			name = CNBlogsTests;
			productName = CNBlogsTests;
			productReference = 6BCE9B181B8C7C6F007AC2EC /* CNBlogsTests.xctest */;
			productType = "com.apple.product-type.bundle.unit-test";
		};
/* End PBXNativeTarget section */

/* Begin PBXProject section */
		6BCE9AF41B8C7C6F007AC2EC /* Project object */ = {
			isa = PBXProject;
			attributes = {
				LastUpgradeCheck = 0640;
				ORGANIZATIONNAME = liyc;
				TargetAttributes = {
					6BCE9AFB1B8C7C6F007AC2EC = {
						CreatedOnToolsVersion = 6.4;
					};
					6BCE9B171B8C7C6F007AC2EC = {
						CreatedOnToolsVersion = 6.4;
						TestTargetID = 6BCE9AFB1B8C7C6F007AC2EC;
					};
				};
			};
			buildConfigurationList = 6BCE9AF71B8C7C6F007AC2EC /* Build configuration list for PBXProject "CNBlogs" */;
			compatibilityVersion = "Xcode 3.2";
			developmentRegion = English;
			hasScannedForEncodings = 0;
			knownRegions = (
				en,
				Base,
			);
			mainGroup = 6BCE9AF31B8C7C6F007AC2EC;
			productRefGroup = 6BCE9AFD1B8C7C6F007AC2EC /* Products */;
			projectDirPath = "";
			projectRoot = "";
			targets = (
				6BCE9AFB1B8C7C6F007AC2EC /* CNBlogs */,
				6BCE9B171B8C7C6F007AC2EC /* CNBlogsTests */,
			);
		};
/* End PBXProject section */

/* Begin PBXResourcesBuildPhase section */
		6BCE9AFA1B8C7C6F007AC2EC /* Resources */ = {
			isa = PBXResourcesBuildPhase;
			buildActionMask = 2147483647;
			files = (
				6B44B9161B8ED5A500ED4096 /* BloggerTableViewCell.xib in Resources */,
				6B2659DC1B8F039E00ABA509 /* BlogTableViewCell.xib in Resources */,
				6B5746BF1B96EACC009C1C54 /* toolbar-star@2x.png in Resources */,
				6BCE9B0E1B8C7C6F007AC2EC /* Main.storyboard in Resources */,
				6B5746A21B96AED4009C1C54 /* toolbar-starred@2x.png in Resources */,
				6BCE9B101B8C7C6F007AC2EC /* Images.xcassets in Resources */,
				6B5746771B9574A9009C1C54 /* html in Resources */,
				6B631A111B9BDF6C00F770A1 /* CommentTableViewCell.xib in Resources */,
				6B2659E91B9015F200ABA509 /* NewsTableViewCell.xib in Resources */,
			);
			runOnlyForDeploymentPostprocessing = 0;
		};
		6BCE9B161B8C7C6F007AC2EC /* Resources */ = {
			isa = PBXResourcesBuildPhase;
			buildActionMask = 2147483647;
			files = (
			);
			runOnlyForDeploymentPostprocessing = 0;
		};
/* End PBXResourcesBuildPhase section */

/* Begin PBXShellScriptBuildPhase section */
		04402B60D1A6AB07EE019ABC /* Check Pods Manifest.lock */ = {
			isa = PBXShellScriptBuildPhase;
			buildActionMask = 2147483647;
			files = (
			);
			inputPaths = (
			);
			name = "Check Pods Manifest.lock";
			outputPaths = (
			);
			runOnlyForDeploymentPostprocessing = 0;
			shellPath = /bin/sh;
			shellScript = "diff \"${PODS_ROOT}/../Podfile.lock\" \"${PODS_ROOT}/Manifest.lock\" > /dev/null\nif [[ $? != 0 ]] ; then\n    cat << EOM\nerror: The sandbox is not in sync with the Podfile.lock. Run 'pod install' or update your CocoaPods installation.\nEOM\n    exit 1\nfi\n";
			showEnvVarsInLog = 0;
		};
		3595773DF2D590A3D69B6DFC /* Copy Pods Resources */ = {
			isa = PBXShellScriptBuildPhase;
			buildActionMask = 2147483647;
			files = (
			);
			inputPaths = (
			);
			name = "Copy Pods Resources";
			outputPaths = (
			);
			runOnlyForDeploymentPostprocessing = 0;
			shellPath = /bin/sh;
			shellScript = "\"${SRCROOT}/Pods/Target Support Files/Pods-CNBlogs/Pods-CNBlogs-resources.sh\"\n";
			showEnvVarsInLog = 0;
		};
/* End PBXShellScriptBuildPhase section */

/* Begin PBXSourcesBuildPhase section */
		6BCE9AF81B8C7C6F007AC2EC /* Sources */ = {
			isa = PBXSourcesBuildPhase;
			buildActionMask = 2147483647;
			files = (
				6B44B8D61B8DB3E200ED4096 /* BlogViewController.m in Sources */,
				6B631A101B9BDF6C00F770A1 /* CommentTableViewCell.m in Sources */,
				6B5746BA1B96E082009C1C54 /* BlogDAO.m in Sources */,
				6B44B8C21B8D581400ED4096 /* NewsContentModel.m in Sources */,
				6B5746A01B969F81009C1C54 /* ContentBarView.m in Sources */,
				6B5746C51B96FE2A009C1C54 /* LikedNewsTableViewController.m in Sources */,
				6B5746211B954D28009C1C54 /* NSString+Html.m in Sources */,
				6B44B8D31B8DA7E900ED4096 /* BlogTableViewCell.m in Sources */,
				6B5745E21B945214009C1C54 /* UISwipeViewController.m in Sources */,
				6B44B90B1B8ED33A00ED4096 /* BloggerRecommendTableViewController.m in Sources */,
				6B2659EE1B90724600ABA509 /* SearchBlogViewController.m in Sources */,
				6B5746B41B96D7A5009C1C54 /* BlogContentEntity.m in Sources */,
				6B5746A81B96C658009C1C54 /* NewsCommentTableViewController.m in Sources */,
				6B44B8DD1B8DBC7A00ED4096 /* AppUtil.m in Sources */,
				6B5746901B95E1E9009C1C54 /* BloggerDAO.m in Sources */,
				6B5746C21B96EDE1009C1C54 /* LikedBlogTableViewController.m in Sources */,
				6B44B8C91B8D5FDF00ED4096 /* ProtocolUtil.m in Sources */,
				6BCE9B051B8C7C6F007AC2EC /* AppDelegate.m in Sources */,
				6B2659F11B9078AE00ABA509 /* BloggerTableViewController.m in Sources */,
				6B44B9031B8EBDFD00ED4096 /* RankingViewController.m in Sources */,
				6B44B9151B8ED5A500ED4096 /* BloggerTableViewCell.m in Sources */,
				6B5746B71B96D7A5009C1C54 /* NewsEntity.m in Sources */,
				6B5746931B95E716009C1C54 /* LikedBloggerTableViewController.m in Sources */,
				6B57469A1B9690D6009C1C54 /* LikedTableViewController.m in Sources */,
				6B5746B11B96D7A5009C1C54 /* BlogEntiry.m in Sources */,
				6BCE9B081B8C7C6F007AC2EC /* CNBlogs.xcdatamodeld in Sources */,
				6B44B8AE1B8D504F00ED4096 /* README.md in Sources */,
				6B2659E01B8F1DF800ABA509 /* RecommendIn10DTableViewController.m in Sources */,
				6B44B8D91B8DBA8300ED4096 /* BlogContentModel.m in Sources */,
				6B2659DA1B8F007A00ABA509 /* ViewIn48HTableViewController.m in Sources */,
				6B5745DD1B9441E9009C1C54 /* NSDate+Util.m in Sources */,
				6B44B8C51B8D589300ED4096 /* BloggerModel.m in Sources */,
				6B44B8BF1B8D56FA00ED4096 /* NewsModel.m in Sources */,
				6B44B8E11B8DC10B00ED4096 /* NewsTableViewController.m in Sources */,
				6B5746AB1B96D7A4009C1C54 /* NewsContentEntity.m in Sources */,
				6B5746A51B96C646009C1C54 /* BlogCommentTableViewController.m in Sources */,
				6B44B8B61B8D54B300ED4096 /* AuthorModel.m in Sources */,
				6B5746971B95E992009C1C54 /* BloggerEntity.m in Sources */,
				6B44B8BC1B8D560D00ED4096 /* CommentModel.m in Sources */,
				6B57469D1B969E48009C1C54 /* UIContentViewController.m in Sources */,
				6B5746BD1B96E097009C1C54 /* NewsDAO.m in Sources */,
				6B57461E1B946AF4009C1C54 /* LikedViewController.m in Sources */,
				6B44B8E71B8EAF3800ED4096 /* AppTabBarViewController.m in Sources */,
				6B44B8E41B8DC84200ED4096 /* NewsTableViewCell.m in Sources */,
				6B44B8B91B8D553500ED4096 /* BlogModel.m in Sources */,
				6B2659E31B8FF50500ABA509 /* NewsRecommendTableViewController.m in Sources */,
				6BCE9B021B8C7C6F007AC2EC /* main.m in Sources */,
				6B57468D1B95E0C8009C1C54 /* CoreDataDAO.m in Sources */,
				6B44B8CE1B8D9D1E00ED4096 /* BlogTableViewController.m in Sources */,
				6B5745D91B93FBCA009C1C54 /* NewsViewController.m in Sources */,
				6B5746AE1B96D7A5009C1C54 /* AuthorEntity.m in Sources */,
			);
			runOnlyForDeploymentPostprocessing = 0;
		};
		6BCE9B141B8C7C6F007AC2EC /* Sources */ = {
			isa = PBXSourcesBuildPhase;
			buildActionMask = 2147483647;
			files = (
				6BCE9B1F1B8C7C6F007AC2EC /* CNBlogsTests.m in Sources */,
			);
			runOnlyForDeploymentPostprocessing = 0;
		};
/* End PBXSourcesBuildPhase section */

/* Begin PBXTargetDependency section */
		6BCE9B1A1B8C7C6F007AC2EC /* PBXTargetDependency */ = {
			isa = PBXTargetDependency;
			target = 6BCE9AFB1B8C7C6F007AC2EC /* CNBlogs */;
			targetProxy = 6BCE9B191B8C7C6F007AC2EC /* PBXContainerItemProxy */;
		};
/* End PBXTargetDependency section */

/* Begin PBXVariantGroup section */
		6BCE9B0C1B8C7C6F007AC2EC /* Main.storyboard */ = {
			isa = PBXVariantGroup;
			children = (
				6BCE9B0D1B8C7C6F007AC2EC /* Base */,
			);
			name = Main.storyboard;
			sourceTree = "<group>";
		};
/* End PBXVariantGroup section */

/* Begin XCBuildConfiguration section */
		6BCE9B201B8C7C6F007AC2EC /* Debug */ = {
			isa = XCBuildConfiguration;
			buildSettings = {
				ALWAYS_SEARCH_USER_PATHS = NO;
				CLANG_CXX_LANGUAGE_STANDARD = "gnu++0x";
				CLANG_CXX_LIBRARY = "libc++";
				CLANG_ENABLE_MODULES = YES;
				CLANG_ENABLE_OBJC_ARC = YES;
				CLANG_WARN_BOOL_CONVERSION = YES;
				CLANG_WARN_CONSTANT_CONVERSION = YES;
				CLANG_WARN_DIRECT_OBJC_ISA_USAGE = YES_ERROR;
				CLANG_WARN_EMPTY_BODY = YES;
				CLANG_WARN_ENUM_CONVERSION = YES;
				CLANG_WARN_INT_CONVERSION = YES;
				CLANG_WARN_OBJC_ROOT_CLASS = YES_ERROR;
				CLANG_WARN_UNREACHABLE_CODE = YES;
				CLANG_WARN__DUPLICATE_METHOD_MATCH = YES;
				"CODE_SIGN_IDENTITY[sdk=iphoneos*]" = "iPhone Developer";
				COPY_PHASE_STRIP = NO;
				DEBUG_INFORMATION_FORMAT = "dwarf-with-dsym";
				ENABLE_STRICT_OBJC_MSGSEND = YES;
				GCC_C_LANGUAGE_STANDARD = gnu99;
				GCC_DYNAMIC_NO_PIC = NO;
				GCC_NO_COMMON_BLOCKS = YES;
				GCC_OPTIMIZATION_LEVEL = 0;
				GCC_PREPROCESSOR_DEFINITIONS = (
					"DEBUG=1",
					"$(inherited)",
				);
				GCC_SYMBOLS_PRIVATE_EXTERN = NO;
				GCC_WARN_64_TO_32_BIT_CONVERSION = YES;
				GCC_WARN_ABOUT_RETURN_TYPE = YES_ERROR;
				GCC_WARN_UNDECLARED_SELECTOR = YES;
				GCC_WARN_UNINITIALIZED_AUTOS = YES_AGGRESSIVE;
				GCC_WARN_UNUSED_FUNCTION = YES;
				GCC_WARN_UNUSED_VARIABLE = YES;
				IPHONEOS_DEPLOYMENT_TARGET = 8.4;
				MTL_ENABLE_DEBUG_INFO = YES;
				ONLY_ACTIVE_ARCH = YES;
				SDKROOT = iphoneos;
				TARGETED_DEVICE_FAMILY = "1,2";
			};
			name = Debug;
		};
		6BCE9B211B8C7C6F007AC2EC /* Release */ = {
			isa = XCBuildConfiguration;
			buildSettings = {
				ALWAYS_SEARCH_USER_PATHS = NO;
				CLANG_CXX_LANGUAGE_STANDARD = "gnu++0x";
				CLANG_CXX_LIBRARY = "libc++";
				CLANG_ENABLE_MODULES = YES;
				CLANG_ENABLE_OBJC_ARC = YES;
				CLANG_WARN_BOOL_CONVERSION = YES;
				CLANG_WARN_CONSTANT_CONVERSION = YES;
				CLANG_WARN_DIRECT_OBJC_ISA_USAGE = YES_ERROR;
				CLANG_WARN_EMPTY_BODY = YES;
				CLANG_WARN_ENUM_CONVERSION = YES;
				CLANG_WARN_INT_CONVERSION = YES;
				CLANG_WARN_OBJC_ROOT_CLASS = YES_ERROR;
				CLANG_WARN_UNREACHABLE_CODE = YES;
				CLANG_WARN__DUPLICATE_METHOD_MATCH = YES;
				"CODE_SIGN_IDENTITY[sdk=iphoneos*]" = "iPhone Developer";
				COPY_PHASE_STRIP = NO;
				DEBUG_INFORMATION_FORMAT = "dwarf-with-dsym";
				ENABLE_NS_ASSERTIONS = NO;
				ENABLE_STRICT_OBJC_MSGSEND = YES;
				GCC_C_LANGUAGE_STANDARD = gnu99;
				GCC_NO_COMMON_BLOCKS = YES;
				GCC_WARN_64_TO_32_BIT_CONVERSION = YES;
				GCC_WARN_ABOUT_RETURN_TYPE = YES_ERROR;
				GCC_WARN_UNDECLARED_SELECTOR = YES;
				GCC_WARN_UNINITIALIZED_AUTOS = YES_AGGRESSIVE;
				GCC_WARN_UNUSED_FUNCTION = YES;
				GCC_WARN_UNUSED_VARIABLE = YES;
				IPHONEOS_DEPLOYMENT_TARGET = 8.4;
				MTL_ENABLE_DEBUG_INFO = NO;
				SDKROOT = iphoneos;
				TARGETED_DEVICE_FAMILY = "1,2";
				VALIDATE_PRODUCT = YES;
			};
			name = Release;
		};
		6BCE9B231B8C7C6F007AC2EC /* Debug */ = {
			isa = XCBuildConfiguration;
			baseConfigurationReference = 89933BEB10E0A51440FCDE73 /* Pods-CNBlogs.debug.xcconfig */;
			buildSettings = {
				ASSETCATALOG_COMPILER_APPICON_NAME = AppIcon;
				ASSETCATALOG_COMPILER_LAUNCHIMAGE_NAME = LaunchImage;
				CODE_SIGN_IDENTITY = "iPhone Developer: yuanchao li (TRG3R9945U)";
				GCC_PREFIX_HEADER = CNBlogs/Prefix.pch;
				GCC_PREPROCESSOR_DEFINITIONS = (
					"$(inherited)",
					"COCOAPODS=1",
					"LOG_LEVEL_DEF=DDLogLevelAll",
				);
				INFOPLIST_FILE = CNBlogs/Info.plist;
				IPHONEOS_DEPLOYMENT_TARGET = 7.0;
				LD_RUNPATH_SEARCH_PATHS = "$(inherited) @executable_path/Frameworks";
				PRODUCT_NAME = "$(TARGET_NAME)";
				PROVISIONING_PROFILE = "b50ed50f-7c9d-4041-ab98-dfdc80a1becd";
				TARGETED_DEVICE_FAMILY = "1,2";
			};
			name = Debug;
		};
		6BCE9B241B8C7C6F007AC2EC /* Release */ = {
			isa = XCBuildConfiguration;
			baseConfigurationReference = 17F1A356B32BD71D4B936523 /* Pods-CNBlogs.release.xcconfig */;
			buildSettings = {
				ASSETCATALOG_COMPILER_APPICON_NAME = AppIcon;
				ASSETCATALOG_COMPILER_LAUNCHIMAGE_NAME = LaunchImage;
				CODE_SIGN_IDENTITY = "iPhone Developer: yuanchao li (TRG3R9945U)";
				GCC_PREFIX_HEADER = CNBlogs/Prefix.pch;
				GCC_PREPROCESSOR_DEFINITIONS = (
					"$(inherited)",
					"COCOAPODS=1",
					"LOG_LEVEL_DEF=DDLogLevelAll",
				);
				INFOPLIST_FILE = CNBlogs/Info.plist;
				IPHONEOS_DEPLOYMENT_TARGET = 7.0;
				LD_RUNPATH_SEARCH_PATHS = "$(inherited) @executable_path/Frameworks";
				PRODUCT_NAME = "$(TARGET_NAME)";
				PROVISIONING_PROFILE = "b50ed50f-7c9d-4041-ab98-dfdc80a1becd";
				TARGETED_DEVICE_FAMILY = "1,2";
			};
			name = Release;
		};
		6BCE9B261B8C7C6F007AC2EC /* Debug */ = {
			isa = XCBuildConfiguration;
			buildSettings = {
				BUNDLE_LOADER = "$(TEST_HOST)";
				FRAMEWORK_SEARCH_PATHS = (
					"$(SDKROOT)/Developer/Library/Frameworks",
					"$(inherited)",
				);
				GCC_PREPROCESSOR_DEFINITIONS = (
					"DEBUG=1",
					"$(inherited)",
				);
				INFOPLIST_FILE = CNBlogsTests/Info.plist;
				LD_RUNPATH_SEARCH_PATHS = "$(inherited) @executable_path/Frameworks @loader_path/Frameworks";
				PRODUCT_NAME = "$(TARGET_NAME)";
				TEST_HOST = "$(BUILT_PRODUCTS_DIR)/CNBlogs.app/CNBlogs";
			};
			name = Debug;
		};
		6BCE9B271B8C7C6F007AC2EC /* Release */ = {
			isa = XCBuildConfiguration;
			buildSettings = {
				BUNDLE_LOADER = "$(TEST_HOST)";
				FRAMEWORK_SEARCH_PATHS = (
					"$(SDKROOT)/Developer/Library/Frameworks",
					"$(inherited)",
				);
				INFOPLIST_FILE = CNBlogsTests/Info.plist;
				LD_RUNPATH_SEARCH_PATHS = "$(inherited) @executable_path/Frameworks @loader_path/Frameworks";
				PRODUCT_NAME = "$(TARGET_NAME)";
				TEST_HOST = "$(BUILT_PRODUCTS_DIR)/CNBlogs.app/CNBlogs";
			};
			name = Release;
		};
/* End XCBuildConfiguration section */

/* Begin XCConfigurationList section */
		6BCE9AF71B8C7C6F007AC2EC /* Build configuration list for PBXProject "CNBlogs" */ = {
			isa = XCConfigurationList;
			buildConfigurations = (
				6BCE9B201B8C7C6F007AC2EC /* Debug */,
				6BCE9B211B8C7C6F007AC2EC /* Release */,
			);
			defaultConfigurationIsVisible = 0;
			defaultConfigurationName = Release;
		};
		6BCE9B221B8C7C6F007AC2EC /* Build configuration list for PBXNativeTarget "CNBlogs" */ = {
			isa = XCConfigurationList;
			buildConfigurations = (
				6BCE9B231B8C7C6F007AC2EC /* Debug */,
				6BCE9B241B8C7C6F007AC2EC /* Release */,
			);
			defaultConfigurationIsVisible = 0;
			defaultConfigurationName = Release;
		};
		6BCE9B251B8C7C6F007AC2EC /* Build configuration list for PBXNativeTarget "CNBlogsTests" */ = {
			isa = XCConfigurationList;
			buildConfigurations = (
				6BCE9B261B8C7C6F007AC2EC /* Debug */,
				6BCE9B271B8C7C6F007AC2EC /* Release */,
			);
			defaultConfigurationIsVisible = 0;
			defaultConfigurationName = Release;
		};
/* End XCConfigurationList section */

/* Begin XCVersionGroup section */
		6BCE9B061B8C7C6F007AC2EC /* CNBlogs.xcdatamodeld */ = {
			isa = XCVersionGroup;
			children = (
				6BCE9B071B8C7C6F007AC2EC /* CNBlogs.xcdatamodel */,
			);
			currentVersion = 6BCE9B071B8C7C6F007AC2EC /* CNBlogs.xcdatamodel */;
			path = CNBlogs.xcdatamodeld;
			sourceTree = "<group>";
			versionGroupType = wrapper.xcdatamodel;
		};
/* End XCVersionGroup section */
	};
	rootObject = 6BCE9AF41B8C7C6F007AC2EC /* Project object */;
}
